version = 1
requires-python = ">=3.11"

[[package]]
name = "asgiref"
version = "3.8.1"
source = { registry = "https://pypi.org/simple" }
sdist = { url = "https://files.pythonhosted.org/packages/29/38/b3395cc9ad1b56d2ddac9970bc8f4141312dbaec28bc7c218b0dfafd0f42/asgiref-3.8.1.tar.gz", hash = "sha256:c343bd80a0bec947a9860adb4c432ffa7db769836c64238fc34bdc3fec84d590", size = 35186 }
wheels = [
    { url = "https://files.pythonhosted.org/packages/39/e3/893e8757be2612e6c266d9bb58ad2e3651524b5b40cf56761e985a28b13e/asgiref-3.8.1-py3-none-any.whl", hash = "sha256:3e1e3ecc849832fe52ccf2cb6686b7a55f82bb1d6aee72a58826471390335e47", size = 23828 },
]

[[package]]
name = "django"
version = "5.1.3"
source = { registry = "https://pypi.org/simple" }
dependencies = [
    { name = "asgiref" },
    { name = "sqlparse" },
    { name = "tzdata", marker = "sys_platform == 'win32'" },
]
sdist = { url = "https://files.pythonhosted.org/packages/c6/85/ba2c2b83ba8b95354f99ed8344405d9571109ce0175028876209d6b93fba/Django-5.1.3.tar.gz", hash = "sha256:c0fa0e619c39325a169208caef234f90baa925227032ad3f44842ba14d75234a", size = 10698518 }
wheels = [
    { url = "https://files.pythonhosted.org/packages/e5/f6/88ed57e1b3ed54ff18c1da352aecbd6f51784c3e642d97586b61f050f5b1/Django-5.1.3-py3-none-any.whl", hash = "sha256:8b38a9a12da3ae00cb0ba72da985ec4b14de6345046b1e174b1fd7254398f818", size = 8276180 },
]

[[package]]
name = "ngrok"
version = "1.4.0"
source = { registry = "https://pypi.org/simple" }
wheels = [
    { url = "https://files.pythonhosted.org/packages/31/28/2548a64e673334b804affbf994184896e19c0d0cadb2602c5395d9cb263b/ngrok-1.4.0-cp37-abi3-macosx_10_12_x86_64.macosx_11_0_arm64.macosx_10_12_universal2.whl", hash = "sha256:05a86cf684120c27d1f10c9a3a5320c7243a89a9f93e58c027dc3916bdeeade9", size = 5278409 },
    { url = "https://files.pythonhosted.org/packages/b4/00/dd366c0db00771bf3ff270887f8aa753bd35cc61fc40cbfa4d626d088c07/ngrok-1.4.0-cp37-abi3-macosx_10_12_x86_64.whl", hash = "sha256:166aa4ad1911564e8028436b4c0cc5401f846f79176c97bc84726d417f5483eb", size = 2731980 },
    { url = "https://files.pythonhosted.org/packages/e3/37/f057c62a81310614381d84ee3cb55badf1f61ba47b35ca15994f1d7e7120/ngrok-1.4.0-cp37-abi3-macosx_11_0_arm64.whl", hash = "sha256:2a9bd2fbf3bf2ed8bdc668d20da9f961207ffe8795320598ca2747463c5f980d", size = 2563059 },
    { url = "https://files.pythonhosted.org/packages/10/47/55932abe32af0a3e2ae7a9d4027d76de44095f4f40b9f656495943e4ecb9/ngrok-1.4.0-cp37-abi3-manylinux_2_17_aarch64.manylinux2014_aarch64.whl", hash = "sha256:60a6fdaa08c7bcff6b208fb2d1d7d3065ab7bf99a1dfc6e9c4f4535dbbe2e0f6", size = 4587491 },
    { url = "https://files.pythonhosted.org/packages/90/a1/4cd711790e4e3cf37150f55c7d05ee0d42f6fe2132c99f48d4b524428517/ngrok-1.4.0-cp37-abi3-manylinux_2_17_armv7l.manylinux2014_armv7l.whl", hash = "sha256:381a455b527a4c25e9aa5da231db2f836c243ae46b479f9a4af2b54fadfde906", size = 3002021 },
    { url = "https://files.pythonhosted.org/packages/33/89/05064d76138a58fe1929523035009ca02ae93631c933c660c9bd7fbf18e9/ngrok-1.4.0-cp37-abi3-manylinux_2_17_x86_64.manylinux2014_x86_64.whl", hash = "sha256:8660b535a3b1593c80868c80dd2f7b480fcb075ec807ba727868348d037adea3", size = 3137710 },
    { url = "https://files.pythonhosted.org/packages/5a/99/d99ce25e6b9944b4bb9947c3a0cd7097e8ed7c34d4ecf1123d7ae93593a0/ngrok-1.4.0-cp37-abi3-musllinux_1_2_aarch64.whl", hash = "sha256:0f31c5f7a3d93011a08d01ccd38c66b1febec3efe776b301ea677061d56561b1", size = 3270265 },
    { url = "https://files.pythonhosted.org/packages/4a/c8/d1f85d21156eac54ccb9536d0d9d1032f4d34b28f61db06d8af330768e3a/ngrok-1.4.0-cp37-abi3-musllinux_1_2_x86_64.whl", hash = "sha256:77aeac9d9e1a425c65fad10c7996279ba4099c68af6e18d66d0e9d96f2eef31b", size = 3211451 },
    { url = "https://files.pythonhosted.org/packages/1b/b8/eddd57785460d7031792ea64a847ae3cb17ec1602089ae2a945de0ebeefa/ngrok-1.4.0-cp37-abi3-win32.whl", hash = "sha256:0b2a29f4a98ce62366262fc4906dfb0dfe28a9ec7114dc9e7cbe2d75f923fc00", size = 2473067 },
    { url = "https://files.pythonhosted.org/packages/64/fa/4dd4b195b7d5702ee2967aa318310f54efa5976cfc9b52cda7ea7bd01270/ngrok-1.4.0-cp37-abi3-win_amd64.whl", hash = "sha256:1ff615ab7709976664730b80e4345d4bf7816b864f990bdf2b6529c7e7f9106d", size = 3003631 },
]

[[package]]
name = "sqlparse"
version = "0.5.2"
source = { registry = "https://pypi.org/simple" }
sdist = { url = "https://files.pythonhosted.org/packages/57/61/5bc3aff85dc5bf98291b37cf469dab74b3d0aef2dd88eade9070a200af05/sqlparse-0.5.2.tar.gz", hash = "sha256:9e37b35e16d1cc652a2545f0997c1deb23ea28fa1f3eefe609eee3063c3b105f", size = 84951 }
wheels = [
    { url = "https://files.pythonhosted.org/packages/7a/13/5f6654c9d915077fae255686ca6fa42095b62b7337e3e1aa9e82caa6f43a/sqlparse-0.5.2-py3-none-any.whl", hash = "sha256:e99bc85c78160918c3e1d9230834ab8d80fc06c59d03f8db2618f65f65dda55e", size = 44407 },
]

[[package]]
name = "ticketing"
version = "0.1.0"
source = { virtual = "." }
dependencies = [
    { name = "django" },
    { name = "ngrok" },
]

[package.metadata]
requires-dist = [
    { name = "django", specifier = ">=5.1.3" },
    { name = "ngrok", specifier = ">=1.4.0" },
]

[[package]]
name = "tzdata"
version = "2024.2"
source = { registry = "https://pypi.org/simple" }
sdist = { url = "https://files.pythonhosted.org/packages/e1/34/943888654477a574a86a98e9896bae89c7aa15078ec29f490fef2f1e5384/tzdata-2024.2.tar.gz", hash = "sha256:7d85cc416e9382e69095b7bdf4afd9e3880418a2413feec7069d533d6b4e31cc", size = 193282 }
wheels = [
    { url = "https://files.pythonhosted.org/packages/a6/ab/7e5f53c3b9d14972843a647d8d7a853969a58aecc7559cb3267302c94774/tzdata-2024.2-py2.py3-none-any.whl", hash = "sha256:a48093786cdcde33cad18c2555e8532f34422074448fbc874186f0abd79565cd", size = 346586 },
]
